{
  "name": "vue-simple-scroller",
  "version": "1.0.3",
  "lockfileVersion": 2,
  "requires": true,
  "packages": {
    "": {
      "name": "vue-simple-scroller",
      "version": "1.0.3",
      "license": "MIT",
      "dependencies": {
        "vue": "^3.2.25"
      },
      "devDependencies": {
        "@vitejs/plugin-vue": "^2.2.0",
        "typescript": "^4.5.4",
        "unplugin-vue-define-options": "^0.4.0",
        "vite": "^2.8.0",
        "vue-tsc": "^0.29.8"
      }
    },
    "node_modules/.pnpm/@vitejs+plugin-vue@2.2.2_vite@2.8.4+vue@3.2.31/node_modules/@vitejs/plugin-vue": {
      "version": "2.2.2",
      "dev": true,
      "license": "MIT",
      "engines": {
        "node": ">=12.0.0"
      },
      "peerDependencies": {
        "vite": "^2.5.10",
        "vue": "^3.2.25"
      }
    },
    "node_modules/.pnpm/typescript@4.5.5/node_modules/typescript": {
      "version": "4.5.5",
      "dev": true,
      "license": "Apache-2.0",
      "bin": {
        "tsc": "bin/tsc",
        "tsserver": "bin/tsserver"
      },
      "engines": {
        "node": ">=4.2.0"
      }
    },
    "node_modules/.pnpm/unplugin-vue-define-options@0.4.0_vite@2.8.4+vue@3.2.31/node_modules/unplugin-vue-define-options": {
      "version": "0.4.0",
      "dev": true,
      "license": "MIT",
      "dependencies": {
        "@rollup/pluginutils": "^4.1.2",
        "unplugin": "^0.3.2"
      },
      "engines": {
        "node": ">=12.20.0"
      },
      "peerDependencies": {
        "vue": "^3.2.25"
      }
    },
    "node_modules/.pnpm/vite@2.8.4/node_modules/vite": {
      "version": "2.8.4",
      "dev": true,
      "license": "MIT",
      "dependencies": {
        "esbuild": "^0.14.14",
        "fsevents": "~2.3.2",
        "postcss": "^8.4.6",
        "resolve": "^1.22.0",
        "rollup": "^2.59.0"
      },
      "bin": {
        "vite": "bin/vite.js"
      },
      "engines": {
        "node": ">=12.2.0"
      },
      "optionalDependencies": {
        "fsevents": "~2.3.2"
      },
      "peerDependencies": {
        "less": "*",
        "sass": "*",
        "stylus": "*"
      },
      "peerDependenciesMeta": {
        "less": {
          "optional": true
        },
        "sass": {
          "optional": true
        },
        "stylus": {
          "optional": true
        }
      }
    },
    "node_modules/.pnpm/vue-tsc@0.29.8_typescript@4.5.5/node_modules/vue-tsc": {
      "version": "0.29.8",
      "dev": true,
      "license": "MIT",
      "dependencies": {
        "@volar/shared": "0.29.8",
        "vscode-vue-languageservice": "0.29.8"
      },
      "bin": {
        "vue-tsc": "bin/vue-tsc.js"
      },
      "peerDependencies": {
        "typescript": "*"
      }
    },
    "node_modules/.pnpm/vue@3.2.31/node_modules/vue": {
      "version": "3.2.31",
      "license": "MIT",
      "dependencies": {
        "@vue/compiler-dom": "3.2.31",
        "@vue/compiler-sfc": "3.2.31",
        "@vue/runtime-dom": "3.2.31",
        "@vue/server-renderer": "3.2.31",
        "@vue/shared": "3.2.31"
      }
    },
    "node_modules/@vitejs/plugin-vue": {
      "resolved": "node_modules/.pnpm/@vitejs+plugin-vue@2.2.2_vite@2.8.4+vue@3.2.31/node_modules/@vitejs/plugin-vue",
      "link": true
    },
    "node_modules/typescript": {
      "resolved": "node_modules/.pnpm/typescript@4.5.5/node_modules/typescript",
      "link": true
    },
    "node_modules/unplugin-vue-define-options": {
      "resolved": "node_modules/.pnpm/unplugin-vue-define-options@0.4.0_vite@2.8.4+vue@3.2.31/node_modules/unplugin-vue-define-options",
      "link": true
    },
    "node_modules/vite": {
      "resolved": "node_modules/.pnpm/vite@2.8.4/node_modules/vite",
      "link": true
    },
    "node_modules/vue": {
      "resolved": "node_modules/.pnpm/vue@3.2.31/node_modules/vue",
      "link": true
    },
    "node_modules/vue-tsc": {
      "resolved": "node_modules/.pnpm/vue-tsc@0.29.8_typescript@4.5.5/node_modules/vue-tsc",
      "link": true
    }
  },
  "dependencies": {
    "@vitejs/plugin-vue": {
      "version": "file:node_modules/.pnpm/@vitejs+plugin-vue@2.2.2_vite@2.8.4+vue@3.2.31/node_modules/@vitejs/plugin-vue",
      "requires": {}
    },
    "typescript": {
      "version": "file:node_modules/.pnpm/typescript@4.5.5/node_modules/typescript"
    },
    "unplugin-vue-define-options": {
      "version": "file:node_modules/.pnpm/unplugin-vue-define-options@0.4.0_vite@2.8.4+vue@3.2.31/node_modules/unplugin-vue-define-options",
      "requires": {
        "@rollup/pluginutils": "^4.1.2",
        "unplugin": "^0.3.2"
      }
    },
    "vite": {
      "version": "file:node_modules/.pnpm/vite@2.8.4/node_modules/vite",
      "requires": {
        "esbuild": "^0.14.14",
        "fsevents": "~2.3.2",
        "postcss": "^8.4.6",
        "resolve": "^1.22.0",
        "rollup": "^2.59.0"
      }
    },
    "vue": {
      "version": "file:node_modules/.pnpm/vue@3.2.31/node_modules/vue",
      "requires": {
        "@vue/compiler-dom": "3.2.31",
        "@vue/compiler-sfc": "3.2.31",
        "@vue/runtime-dom": "3.2.31",
        "@vue/server-renderer": "3.2.31",
        "@vue/shared": "3.2.31"
      }
    },
    "vue-tsc": {
      "version": "file:node_modules/.pnpm/vue-tsc@0.29.8_typescript@4.5.5/node_modules/vue-tsc",
      "requires": {
        "@volar/shared": "0.29.8",
        "vscode-vue-languageservice": "0.29.8"
      }
    }
  }
}
